// !$*UTF8*$!
{
	archiveVersion = 1;
	classes = {
	};
	objectVersion = 56;
	objects = {

/* Begin PBXBuildFile section */
		1301B0C028F18D8700487C80 /* CircleView.swift in Sources */ = {isa = PBXBuildFile; fileRef = 1301B0BF28F18D8700487C80 /* CircleView.swift */; };
		1301B0C328F1919700487C80 /* Figures.swift in Sources */ = {isa = PBXBuildFile; fileRef = 1301B0C228F1919700487C80 /* Figures.swift */; };
		1301B0C528FDEAEC00487C80 /* Composition.swift in Sources */ = {isa = PBXBuildFile; fileRef = 1301B0C428FDEAEC00487C80 /* Composition.swift */; };
		1301B0E228FDF52500487C80 /* README.md in Resources */ = {isa = PBXBuildFile; fileRef = 1301B0E128FDF52400487C80 /* README.md */; };
		1342AA732915576A00123888 /* ProgressLine.swift in Sources */ = {isa = PBXBuildFile; fileRef = 1342AA722915576A00123888 /* ProgressLine.swift */; };
		1378696F28D5355E003F15C7 /* tizlekApp.swift in Sources */ = {isa = PBXBuildFile; fileRef = 1378696E28D5355E003F15C7 /* tizlekApp.swift */; };
		1378697128D5355E003F15C7 /* GameView.swift in Sources */ = {isa = PBXBuildFile; fileRef = 1378697028D5355E003F15C7 /* GameView.swift */; };
		1378697328D5355F003F15C7 /* Assets.xcassets in Resources */ = {isa = PBXBuildFile; fileRef = 1378697228D5355F003F15C7 /* Assets.xcassets */; };
		139E4E722911304700557290 /* Slander Suffer.mp3 in Resources */ = {isa = PBXBuildFile; fileRef = 139E4E702911304700557290 /* Slander Suffer.mp3 */; };
		139E4E732911304700557290 /* Sullivan King Take Flight.mp3 in Resources */ = {isa = PBXBuildFile; fileRef = 139E4E712911304700557290 /* Sullivan King Take Flight.mp3 */; };
		139E4E75291134FD00557290 /* MinimapView.swift in Sources */ = {isa = PBXBuildFile; fileRef = 139E4E74291134FD00557290 /* MinimapView.swift */; };
		139E4E782911387400557290 /* EditorView.swift in Sources */ = {isa = PBXBuildFile; fileRef = 139E4E772911387400557290 /* EditorView.swift */; };
		13BF6FDC294E30690097808E /* AudioKit in Frameworks */ = {isa = PBXBuildFile; productRef = 13BF6FDB294E30690097808E /* AudioKit */; };
		13BF6FDF294E30740097808E /* AudioKitUI in Frameworks */ = {isa = PBXBuildFile; productRef = 13BF6FDE294E30740097808E /* AudioKitUI */; };
		13BF6FE1294E66570097808E /* toto-africa.mid in Resources */ = {isa = PBXBuildFile; fileRef = 13BF6FE0294E66570097808E /* toto-africa.mid */; };
		13BF6FE3294E666C0097808E /* toto-africa.mp3 in Resources */ = {isa = PBXBuildFile; fileRef = 13BF6FE2294E666C0097808E /* toto-africa.mp3 */; };
		13BF6FE5294F34210097808E /* Demo.mid in Resources */ = {isa = PBXBuildFile; fileRef = 13BF6FE4294F34210097808E /* Demo.mid */; };
		13BF6FE8294F36CF0097808E /* the weeknd - reminder.mid in Resources */ = {isa = PBXBuildFile; fileRef = 13BF6FE6294F36CF0097808E /* the weeknd - reminder.mid */; };
		13BF6FE9294F36CF0097808E /* ed sheeran - shape of you.mid in Resources */ = {isa = PBXBuildFile; fileRef = 13BF6FE7294F36CF0097808E /* ed sheeran - shape of you.mid */; };
/* End PBXBuildFile section */

/* Begin PBXFileReference section */
		1301B0BF28F18D8700487C80 /* CircleView.swift */ = {isa = PBXFileReference; lastKnownFileType = sourcecode.swift; path = CircleView.swift; sourceTree = "<group>"; };
		1301B0C228F1919700487C80 /* Figures.swift */ = {isa = PBXFileReference; lastKnownFileType = sourcecode.swift; path = Figures.swift; sourceTree = "<group>"; };
		1301B0C428FDEAEC00487C80 /* Composition.swift */ = {isa = PBXFileReference; lastKnownFileType = sourcecode.swift; path = Composition.swift; sourceTree = "<group>"; };
		1301B0E128FDF52400487C80 /* README.md */ = {isa = PBXFileReference; fileEncoding = 4; lastKnownFileType = net.daringfireball.markdown; path = README.md; sourceTree = "<group>"; };
		1342AA722915576A00123888 /* ProgressLine.swift */ = {isa = PBXFileReference; lastKnownFileType = sourcecode.swift; path = ProgressLine.swift; sourceTree = "<group>"; };
		1378696B28D5355E003F15C7 /* tizlek.app */ = {isa = PBXFileReference; explicitFileType = wrapper.application; includeInIndex = 0; path = tizlek.app; sourceTree = BUILT_PRODUCTS_DIR; };
		1378696E28D5355E003F15C7 /* tizlekApp.swift */ = {isa = PBXFileReference; lastKnownFileType = sourcecode.swift; path = tizlekApp.swift; sourceTree = "<group>"; };
		1378697028D5355E003F15C7 /* GameView.swift */ = {isa = PBXFileReference; lastKnownFileType = sourcecode.swift; path = GameView.swift; sourceTree = "<group>"; };
		1378697228D5355F003F15C7 /* Assets.xcassets */ = {isa = PBXFileReference; lastKnownFileType = folder.assetcatalog; path = Assets.xcassets; sourceTree = "<group>"; };
		1378697428D5355F003F15C7 /* tizlek.entitlements */ = {isa = PBXFileReference; lastKnownFileType = text.plist.entitlements; path = tizlek.entitlements; sourceTree = "<group>"; };
		139E4E702911304700557290 /* Slander Suffer.mp3 */ = {isa = PBXFileReference; lastKnownFileType = audio.mp3; path = "Slander Suffer.mp3"; sourceTree = "<group>"; };
		139E4E712911304700557290 /* Sullivan King Take Flight.mp3 */ = {isa = PBXFileReference; lastKnownFileType = audio.mp3; path = "Sullivan King Take Flight.mp3"; sourceTree = "<group>"; };
		139E4E74291134FD00557290 /* MinimapView.swift */ = {isa = PBXFileReference; fileEncoding = 4; lastKnownFileType = sourcecode.swift; path = MinimapView.swift; sourceTree = "<group>"; };
		139E4E772911387400557290 /* EditorView.swift */ = {isa = PBXFileReference; fileEncoding = 4; lastKnownFileType = sourcecode.swift; path = EditorView.swift; sourceTree = "<group>"; };
		13BF6FE0294E66570097808E /* toto-africa.mid */ = {isa = PBXFileReference; lastKnownFileType = audio.midi; name = "toto-africa.mid"; path = "../../../Downloads/toto-africa.mid"; sourceTree = "<group>"; };
		13BF6FE2294E666C0097808E /* toto-africa.mp3 */ = {isa = PBXFileReference; lastKnownFileType = audio.mp3; path = "toto-africa.mp3"; sourceTree = "<group>"; };
		13BF6FE4294F34210097808E /* Demo.mid */ = {isa = PBXFileReference; lastKnownFileType = audio.midi; path = Demo.mid; sourceTree = "<group>"; };
		13BF6FE6294F36CF0097808E /* the weeknd - reminder.mid */ = {isa = PBXFileReference; lastKnownFileType = audio.midi; path = "the weeknd - reminder.mid"; sourceTree = "<group>"; };
		13BF6FE7294F36CF0097808E /* ed sheeran - shape of you.mid */ = {isa = PBXFileReference; lastKnownFileType = audio.midi; path = "ed sheeran - shape of you.mid"; sourceTree = "<group>"; };
/* End PBXFileReference section */

/* Begin PBXFrameworksBuildPhase section */
		1378696828D5355E003F15C7 /* Frameworks */ = {
			isa = PBXFrameworksBuildPhase;
			buildActionMask = 2147483647;
			files = (
				13BF6FDC294E30690097808E /* AudioKit in Frameworks */,
				13BF6FDF294E30740097808E /* AudioKitUI in Frameworks */,
			);
			runOnlyForDeploymentPostprocessing = 0;
		};
/* End PBXFrameworksBuildPhase section */

/* Begin PBXGroup section */
		1378696228D5355E003F15C7 = {
			isa = PBXGroup;
			children = (
				1378696D28D5355E003F15C7 /* tizlek */,
				1301B0E128FDF52400487C80 /* README.md */,
				13E365882933A4AF00B82347 /* Files */,
				1378696C28D5355E003F15C7 /* Products */,
			);
			sourceTree = "<group>";
		};
		1378696C28D5355E003F15C7 /* Products */ = {
			isa = PBXGroup;
			children = (
				1378696B28D5355E003F15C7 /* tizlek.app */,
			);
			name = Products;
			sourceTree = "<group>";
		};
		1378696D28D5355E003F15C7 /* tizlek */ = {
			isa = PBXGroup;
			children = (
				139E4E762911354C00557290 /* Editor */,
				139E4E792911392000557290 /* Game */,
				139E4E7A2911393C00557290 /* Entities */,
				1378696E28D5355E003F15C7 /* tizlekApp.swift */,
				1378697228D5355F003F15C7 /* Assets.xcassets */,
				1378697428D5355F003F15C7 /* tizlek.entitlements */,
			);
			path = tizlek;
			sourceTree = "<group>";
		};
		139E4E762911354C00557290 /* Editor */ = {
			isa = PBXGroup;
			children = (
				139E4E772911387400557290 /* EditorView.swift */,
				139E4E74291134FD00557290 /* MinimapView.swift */,
				1342AA722915576A00123888 /* ProgressLine.swift */,
			);
			path = Editor;
			sourceTree = "<group>";
		};
		139E4E792911392000557290 /* Game */ = {
			isa = PBXGroup;
			children = (
				1378697028D5355E003F15C7 /* GameView.swift */,
				1301B0BF28F18D8700487C80 /* CircleView.swift */,
			);
			path = Game;
			sourceTree = "<group>";
		};
		139E4E7A2911393C00557290 /* Entities */ = {
			isa = PBXGroup;
			children = (
				1301B0C228F1919700487C80 /* Figures.swift */,
				1301B0C428FDEAEC00487C80 /* Composition.swift */,
			);
			path = Entities;
			sourceTree = "<group>";
		};
		13E365882933A4AF00B82347 /* Files */ = {
			isa = PBXGroup;
			children = (
				13BF6FE2294E666C0097808E /* toto-africa.mp3 */,
				13BF6FE7294F36CF0097808E /* ed sheeran - shape of you.mid */,
				13BF6FE6294F36CF0097808E /* the weeknd - reminder.mid */,
				13BF6FE4294F34210097808E /* Demo.mid */,
				13BF6FE0294E66570097808E /* toto-africa.mid */,
				139E4E702911304700557290 /* Slander Suffer.mp3 */,
				139E4E712911304700557290 /* Sullivan King Take Flight.mp3 */,
			);
			path = Files;
			sourceTree = "<group>";
		};
/* End PBXGroup section */

/* Begin PBXNativeTarget section */
		1378696A28D5355E003F15C7 /* tizlek */ = {
			isa = PBXNativeTarget;
			buildConfigurationList = 1378697A28D5355F003F15C7 /* Build configuration list for PBXNativeTarget "tizlek" */;
			buildPhases = (
				1378696728D5355E003F15C7 /* Sources */,
				1378696828D5355E003F15C7 /* Frameworks */,
				1378696928D5355E003F15C7 /* Resources */,
			);
			buildRules = (
			);
			dependencies = (
			);
			name = tizlek;
			packageProductDependencies = (
				13BF6FDB294E30690097808E /* AudioKit */,
				13BF6FDE294E30740097808E /* AudioKitUI */,
			);
			productName = tizlek;
			productReference = 1378696B28D5355E003F15C7 /* tizlek.app */;
			productType = "com.apple.product-type.application";
		};
/* End PBXNativeTarget section */

/* Begin PBXProject section */
		1378696328D5355E003F15C7 /* Project object */ = {
			isa = PBXProject;
			attributes = {
				BuildIndependentTargetsInParallel = 1;
				LastSwiftUpdateCheck = 1400;
				LastUpgradeCheck = 1410;
				TargetAttributes = {
					1378696A28D5355E003F15C7 = {
						CreatedOnToolsVersion = 14.0;
					};
				};
			};
			buildConfigurationList = 1378696628D5355E003F15C7 /* Build configuration list for PBXProject "tizlek" */;
			compatibilityVersion = "Xcode 14.0";
			developmentRegion = en;
			hasScannedForEncodings = 0;
			knownRegions = (
				en,
				Base,
			);
			mainGroup = 1378696228D5355E003F15C7;
			packageReferences = (
				13BF6FDA294E30690097808E /* XCRemoteSwiftPackageReference "AudioKit" */,
				13BF6FDD294E30740097808E /* XCRemoteSwiftPackageReference "AudioKitUI" */,
			);
			productRefGroup = 1378696C28D5355E003F15C7 /* Products */;
			projectDirPath = "";
			projectRoot = "";
			targets = (
				1378696A28D5355E003F15C7 /* tizlek */,
			);
		};
/* End PBXProject section */

/* Begin PBXResourcesBuildPhase section */
		1378696928D5355E003F15C7 /* Resources */ = {
			isa = PBXResourcesBuildPhase;
			buildActionMask = 2147483647;
			files = (
				1301B0E228FDF52500487C80 /* README.md in Resources */,
				139E4E732911304700557290 /* Sullivan King Take Flight.mp3 in Resources */,
				1378697328D5355F003F15C7 /* Assets.xcassets in Resources */,
				13BF6FE8294F36CF0097808E /* the weeknd - reminder.mid in Resources */,
				13BF6FE5294F34210097808E /* Demo.mid in Resources */,
				139E4E722911304700557290 /* Slander Suffer.mp3 in Resources */,
				13BF6FE9294F36CF0097808E /* ed sheeran - shape of you.mid in Resources */,
				13BF6FE3294E666C0097808E /* toto-africa.mp3 in Resources */,
				13BF6FE1294E66570097808E /* toto-africa.mid in Resources */,
			);
			runOnlyForDeploymentPostprocessing = 0;
		};
/* End PBXResourcesBuildPhase section */

/* Begin PBXSourcesBuildPhase section */
		1378696728D5355E003F15C7 /* Sources */ = {
			isa = PBXSourcesBuildPhase;
			buildActionMask = 2147483647;
			files = (
				1301B0C028F18D8700487C80 /* CircleView.swift in Sources */,
				1301B0C328F1919700487C80 /* Figures.swift in Sources */,
				1342AA732915576A00123888 /* ProgressLine.swift in Sources */,
				139E4E75291134FD00557290 /* MinimapView.swift in Sources */,
				139E4E782911387400557290 /* EditorView.swift in Sources */,
				1378697128D5355E003F15C7 /* GameView.swift in Sources */,
				1378696F28D5355E003F15C7 /* tizlekApp.swift in Sources */,
				1301B0C528FDEAEC00487C80 /* Composition.swift in Sources */,
			);
			runOnlyForDeploymentPostprocessing = 0;
		};
/* End PBXSourcesBuildPhase section */

/* Begin XCBuildConfiguration section */
		1378697828D5355F003F15C7 /* Debug */ = {
			isa = XCBuildConfiguration;
			buildSettings = {
				ALWAYS_SEARCH_USER_PATHS = NO;
				CLANG_ANALYZER_NONNULL = YES;
				CLANG_ANALYZER_NUMBER_OBJECT_CONVERSION = YES_AGGRESSIVE;
				CLANG_CXX_LANGUAGE_STANDARD = "gnu++20";
				CLANG_ENABLE_MODULES = YES;
				CLANG_ENABLE_OBJC_ARC = YES;
				CLANG_ENABLE_OBJC_WEAK = YES;
				CLANG_WARN_BLOCK_CAPTURE_AUTORELEASING = YES;
				CLANG_WARN_BOOL_CONVERSION = YES;
				CLANG_WARN_COMMA = YES;
				CLANG_WARN_CONSTANT_CONVERSION = YES;
				CLANG_WARN_DEPRECATED_OBJC_IMPLEMENTATIONS = YES;
				CLANG_WARN_DIRECT_OBJC_ISA_USAGE = YES_ERROR;
				CLANG_WARN_DOCUMENTATION_COMMENTS = YES;
				CLANG_WARN_EMPTY_BODY = YES;
				CLANG_WARN_ENUM_CONVERSION = YES;
				CLANG_WARN_INFINITE_RECURSION = YES;
				CLANG_WARN_INT_CONVERSION = YES;
				CLANG_WARN_NON_LITERAL_NULL_CONVERSION = YES;
				CLANG_WARN_OBJC_IMPLICIT_RETAIN_SELF = YES;
				CLANG_WARN_OBJC_LITERAL_CONVERSION = YES;
				CLANG_WARN_OBJC_ROOT_CLASS = YES_ERROR;
				CLANG_WARN_QUOTED_INCLUDE_IN_FRAMEWORK_HEADER = YES;
				CLANG_WARN_RANGE_LOOP_ANALYSIS = YES;
				CLANG_WARN_STRICT_PROTOTYPES = YES;
				CLANG_WARN_SUSPICIOUS_MOVE = YES;
				CLANG_WARN_UNGUARDED_AVAILABILITY = YES_AGGRESSIVE;
				CLANG_WARN_UNREACHABLE_CODE = YES;
				CLANG_WARN__DUPLICATE_METHOD_MATCH = YES;
				COPY_PHASE_STRIP = NO;
				DEAD_CODE_STRIPPING = YES;
				DEBUG_INFORMATION_FORMAT = dwarf;
				ENABLE_STRICT_OBJC_MSGSEND = YES;
				ENABLE_TESTABILITY = YES;
				GCC_C_LANGUAGE_STANDARD = gnu11;
				GCC_DYNAMIC_NO_PIC = NO;
				GCC_NO_COMMON_BLOCKS = YES;
				GCC_OPTIMIZATION_LEVEL = 0;
				GCC_PREPROCESSOR_DEFINITIONS = (
					"DEBUG=1",
					"$(inherited)",
				);
				GCC_WARN_64_TO_32_BIT_CONVERSION = YES;
				GCC_WARN_ABOUT_RETURN_TYPE = YES_ERROR;
				GCC_WARN_UNDECLARED_SELECTOR = YES;
				GCC_WARN_UNINITIALIZED_AUTOS = YES_AGGRESSIVE;
				GCC_WARN_UNUSED_FUNCTION = YES;
				GCC_WARN_UNUSED_VARIABLE = YES;
				MTL_ENABLE_DEBUG_INFO = INCLUDE_SOURCE;
				MTL_FAST_MATH = YES;
				ONLY_ACTIVE_ARCH = YES;
				SWIFT_ACTIVE_COMPILATION_CONDITIONS = DEBUG;
				SWIFT_OPTIMIZATION_LEVEL = "-Onone";
			};
			name = Debug;
		};
		1378697928D5355F003F15C7 /* Release */ = {
			isa = XCBuildConfiguration;
			buildSettings = {
				ALWAYS_SEARCH_USER_PATHS = NO;
				CLANG_ANALYZER_NONNULL = YES;
				CLANG_ANALYZER_NUMBER_OBJECT_CONVERSION = YES_AGGRESSIVE;
				CLANG_CXX_LANGUAGE_STANDARD = "gnu++20";
				CLANG_ENABLE_MODULES = YES;
				CLANG_ENABLE_OBJC_ARC = YES;
				CLANG_ENABLE_OBJC_WEAK = YES;
				CLANG_WARN_BLOCK_CAPTURE_AUTORELEASING = YES;
				CLANG_WARN_BOOL_CONVERSION = YES;
				CLANG_WARN_COMMA = YES;
				CLANG_WARN_CONSTANT_CONVERSION = YES;
				CLANG_WARN_DEPRECATED_OBJC_IMPLEMENTATIONS = YES;
				CLANG_WARN_DIRECT_OBJC_ISA_USAGE = YES_ERROR;
				CLANG_WARN_DOCUMENTATION_COMMENTS = YES;
				CLANG_WARN_EMPTY_BODY = YES;
				CLANG_WARN_ENUM_CONVERSION = YES;
				CLANG_WARN_INFINITE_RECURSION = YES;
				CLANG_WARN_INT_CONVERSION = YES;
				CLANG_WARN_NON_LITERAL_NULL_CONVERSION = YES;
				CLANG_WARN_OBJC_IMPLICIT_RETAIN_SELF = YES;
				CLANG_WARN_OBJC_LITERAL_CONVERSION = YES;
				CLANG_WARN_OBJC_ROOT_CLASS = YES_ERROR;
				CLANG_WARN_QUOTED_INCLUDE_IN_FRAMEWORK_HEADER = YES;
				CLANG_WARN_RANGE_LOOP_ANALYSIS = YES;
				CLANG_WARN_STRICT_PROTOTYPES = YES;
				CLANG_WARN_SUSPICIOUS_MOVE = YES;
				CLANG_WARN_UNGUARDED_AVAILABILITY = YES_AGGRESSIVE;
				CLANG_WARN_UNREACHABLE_CODE = YES;
				CLANG_WARN__DUPLICATE_METHOD_MATCH = YES;
				COPY_PHASE_STRIP = NO;
				DEAD_CODE_STRIPPING = YES;
				DEBUG_INFORMATION_FORMAT = "dwarf-with-dsym";
				ENABLE_NS_ASSERTIONS = NO;
				ENABLE_STRICT_OBJC_MSGSEND = YES;
				GCC_C_LANGUAGE_STANDARD = gnu11;
				GCC_NO_COMMON_BLOCKS = YES;
				GCC_WARN_64_TO_32_BIT_CONVERSION = YES;
				GCC_WARN_ABOUT_RETURN_TYPE = YES_ERROR;
				GCC_WARN_UNDECLARED_SELECTOR = YES;
				GCC_WARN_UNINITIALIZED_AUTOS = YES_AGGRESSIVE;
				GCC_WARN_UNUSED_FUNCTION = YES;
				GCC_WARN_UNUSED_VARIABLE = YES;
				MTL_ENABLE_DEBUG_INFO = NO;
				MTL_FAST_MATH = YES;
				SWIFT_COMPILATION_MODE = wholemodule;
				SWIFT_OPTIMIZATION_LEVEL = "-O";
			};
			name = Release;
		};
		1378697B28D5355F003F15C7 /* Debug */ = {
			isa = XCBuildConfiguration;
			buildSettings = {
				ASSETCATALOG_COMPILER_APPICON_NAME = AppIcon;
				ASSETCATALOG_COMPILER_GLOBAL_ACCENT_COLOR_NAME = AccentColor;
				CODE_SIGN_ENTITLEMENTS = tizlek/tizlek.entitlements;
				CODE_SIGN_IDENTITY = "-";
				"CODE_SIGN_IDENTITY[sdk=iphoneos*]" = "Apple Development";
				CODE_SIGN_STYLE = Automatic;
				CURRENT_PROJECT_VERSION = 1;
				DEAD_CODE_STRIPPING = YES;
				DEVELOPMENT_TEAM = BZ82DRDZY8;
				ENABLE_HARDENED_RUNTIME = YES;
				ENABLE_PREVIEWS = YES;
				GENERATE_INFOPLIST_FILE = YES;
				"INFOPLIST_KEY_UIApplicationSceneManifest_Generation[sdk=iphoneos*]" = YES;
				"INFOPLIST_KEY_UIApplicationSceneManifest_Generation[sdk=iphonesimulator*]" = YES;
				"INFOPLIST_KEY_UIApplicationSupportsIndirectInputEvents[sdk=iphoneos*]" = YES;
				"INFOPLIST_KEY_UIApplicationSupportsIndirectInputEvents[sdk=iphonesimulator*]" = YES;
				"INFOPLIST_KEY_UILaunchScreen_Generation[sdk=iphoneos*]" = YES;
				"INFOPLIST_KEY_UILaunchScreen_Generation[sdk=iphonesimulator*]" = YES;
				"INFOPLIST_KEY_UIStatusBarStyle[sdk=iphoneos*]" = UIStatusBarStyleDefault;
				"INFOPLIST_KEY_UIStatusBarStyle[sdk=iphonesimulator*]" = UIStatusBarStyleDefault;
				INFOPLIST_KEY_UISupportedInterfaceOrientations_iPad = "UIInterfaceOrientationPortrait UIInterfaceOrientationPortraitUpsideDown UIInterfaceOrientationLandscapeLeft UIInterfaceOrientationLandscapeRight";
				INFOPLIST_KEY_UISupportedInterfaceOrientations_iPhone = "UIInterfaceOrientationPortrait UIInterfaceOrientationLandscapeLeft UIInterfaceOrientationLandscapeRight";
				IPHONEOS_DEPLOYMENT_TARGET = 16.0;
				LD_RUNPATH_SEARCH_PATHS = "@executable_path/Frameworks";
				"LD_RUNPATH_SEARCH_PATHS[sdk=macosx*]" = "@executable_path/../Frameworks";
				MACOSX_DEPLOYMENT_TARGET = 12.3;
				MARKETING_VERSION = 1.0;
				PRODUCT_BUNDLE_IDENTIFIER = com.damirka.tizlek;
				PRODUCT_NAME = "$(TARGET_NAME)";
				SDKROOT = auto;
				SUPPORTED_PLATFORMS = "iphoneos iphonesimulator macosx";
				SWIFT_EMIT_LOC_STRINGS = YES;
				SWIFT_VERSION = 5.0;
				TARGETED_DEVICE_FAMILY = "1,2";
			};
			name = Debug;
		};
		1378697C28D5355F003F15C7 /* Release */ = {
			isa = XCBuildConfiguration;
			buildSettings = {
				ASSETCATALOG_COMPILER_APPICON_NAME = AppIcon;
				ASSETCATALOG_COMPILER_GLOBAL_ACCENT_COLOR_NAME = AccentColor;
				CODE_SIGN_ENTITLEMENTS = tizlek/tizlek.entitlements;
				CODE_SIGN_IDENTITY = "-";
				"CODE_SIGN_IDENTITY[sdk=iphoneos*]" = "Apple Development";
				CODE_SIGN_STYLE = Automatic;
				CURRENT_PROJECT_VERSION = 1;
				DEAD_CODE_STRIPPING = YES;
				DEVELOPMENT_TEAM = BZ82DRDZY8;
				ENABLE_HARDENED_RUNTIME = YES;
				ENABLE_PREVIEWS = YES;
				GENERATE_INFOPLIST_FILE = YES;
				"INFOPLIST_KEY_UIApplicationSceneManifest_Generation[sdk=iphoneos*]" = YES;
				"INFOPLIST_KEY_UIApplicationSceneManifest_Generation[sdk=iphonesimulator*]" = YES;
				"INFOPLIST_KEY_UIApplicationSupportsIndirectInputEvents[sdk=iphoneos*]" = YES;
				"INFOPLIST_KEY_UIApplicationSupportsIndirectInputEvents[sdk=iphonesimulator*]" = YES;
				"INFOPLIST_KEY_UILaunchScreen_Generation[sdk=iphoneos*]" = YES;
				"INFOPLIST_KEY_UILaunchScreen_Generation[sdk=iphonesimulator*]" = YES;
				"INFOPLIST_KEY_UIStatusBarStyle[sdk=iphoneos*]" = UIStatusBarStyleDefault;
				"INFOPLIST_KEY_UIStatusBarStyle[sdk=iphonesimulator*]" = UIStatusBarStyleDefault;
				INFOPLIST_KEY_UISupportedInterfaceOrientations_iPad = "UIInterfaceOrientationPortrait UIInterfaceOrientationPortraitUpsideDown UIInterfaceOrientationLandscapeLeft UIInterfaceOrientationLandscapeRight";
				INFOPLIST_KEY_UISupportedInterfaceOrientations_iPhone = "UIInterfaceOrientationPortrait UIInterfaceOrientationLandscapeLeft UIInterfaceOrientationLandscapeRight";
				IPHONEOS_DEPLOYMENT_TARGET = 16.0;
				LD_RUNPATH_SEARCH_PATHS = "@executable_path/Frameworks";
				"LD_RUNPATH_SEARCH_PATHS[sdk=macosx*]" = "@executable_path/../Frameworks";
				MACOSX_DEPLOYMENT_TARGET = 12.3;
				MARKETING_VERSION = 1.0;
				PRODUCT_BUNDLE_IDENTIFIER = com.damirka.tizlek;
				PRODUCT_NAME = "$(TARGET_NAME)";
				SDKROOT = auto;
				SUPPORTED_PLATFORMS = "iphoneos iphonesimulator macosx";
				SWIFT_EMIT_LOC_STRINGS = YES;
				SWIFT_VERSION = 5.0;
				TARGETED_DEVICE_FAMILY = "1,2";
			};
			name = Release;
		};
/* End XCBuildConfiguration section */

/* Begin XCConfigurationList section */
		1378696628D5355E003F15C7 /* Build configuration list for PBXProject "tizlek" */ = {
			isa = XCConfigurationList;
			buildConfigurations = (
				1378697828D5355F003F15C7 /* Debug */,
				1378697928D5355F003F15C7 /* Release */,
			);
			defaultConfigurationIsVisible = 0;
			defaultConfigurationName = Release;
		};
		1378697A28D5355F003F15C7 /* Build configuration list for PBXNativeTarget "tizlek" */ = {
			isa = XCConfigurationList;
			buildConfigurations = (
				1378697B28D5355F003F15C7 /* Debug */,
				1378697C28D5355F003F15C7 /* Release */,
			);
			defaultConfigurationIsVisible = 0;
			defaultConfigurationName = Release;
		};
/* End XCConfigurationList section */

/* Begin XCRemoteSwiftPackageReference section */
		13BF6FDA294E30690097808E /* XCRemoteSwiftPackageReference "AudioKit" */ = {
			isa = XCRemoteSwiftPackageReference;
			repositoryURL = "https://github.com/AudioKit/AudioKit.git";
			requirement = {
				kind = upToNextMajorVersion;
				minimumVersion = 5.0.0;
			};
		};
		13BF6FDD294E30740097808E /* XCRemoteSwiftPackageReference "AudioKitUI" */ = {
			isa = XCRemoteSwiftPackageReference;
			repositoryURL = "https://github.com/AudioKit/AudioKitUI.git";
			requirement = {
				kind = upToNextMajorVersion;
				minimumVersion = 0.3.4;
			};
		};
/* End XCRemoteSwiftPackageReference section */

/* Begin XCSwiftPackageProductDependency section */
		13BF6FDB294E30690097808E /* AudioKit */ = {
			isa = XCSwiftPackageProductDependency;
			package = 13BF6FDA294E30690097808E /* XCRemoteSwiftPackageReference "AudioKit" */;
			productName = AudioKit;
		};
		13BF6FDE294E30740097808E /* AudioKitUI */ = {
			isa = XCSwiftPackageProductDependency;
			package = 13BF6FDD294E30740097808E /* XCRemoteSwiftPackageReference "AudioKitUI" */;
			productName = AudioKitUI;
		};
/* End XCSwiftPackageProductDependency section */
	};
	rootObject = 1378696328D5355E003F15C7 /* Project object */;
}
